
Microsoft Visual Studio Solution File, Format Version 12.00
# Visual Studio Version 17
VisualStudioVersion = 17.3.32901.215
MinimumVisualStudioVersion = 10.0.40219.1
Project("{2150E333-8FDC-42A3-9474-1A3956D46DE8}") = "ext", "ext", "{FC92F312-2B95-460F-B270-0B6E41DD56EF}"
EndProject
Project("{2150E333-8FDC-42A3-9474-1A3956D46DE8}") = "solution", "solution", "{FA83895A-1CED-4FC5-9F11-6AFA109CFC7D}"
	ProjectSection(SolutionItems) = preProject
		..\.gitignore = ..\.gitignore
		common.props = common.props
		opencv\opencv.props = opencv\opencv.props
		opencv\opencv.ruleset = opencv\opencv.ruleset
		..\README.md = ..\README.md
	EndProjectSection
EndProject
Project("{8BC9CEB8-8B4A-11D0-8D11-00A0C91BC942}") = "opencv_core", "opencv\modules\core\opencv_core.vcxproj", "{E0CEB085-D734-4A12-961B-94F1D6DF7E5E}"
EndProject
Project("{8BC9CEB8-8B4A-11D0-8D11-00A0C91BC942}") = "opencv_flann", "opencv\modules\flann\opencv_flann.vcxproj", "{C901DF17-E5C4-4BDE-8665-F1E7A08994BF}"
EndProject
Project("{8BC9CEB8-8B4A-11D0-8D11-00A0C91BC942}") = "opencv_imgproc", "opencv\modules\imgproc\opencv_imgproc.vcxproj", "{A22D4398-870B-4D0D-A653-5FD0011C04D9}"
EndProject
Project("{8BC9CEB8-8B4A-11D0-8D11-00A0C91BC942}") = "opencv_features2d", "opencv\modules\features2d\opencv_features2d.vcxproj", "{7A5B38D8-9917-41BE-BA5C-85D3EF5334BA}"
EndProject
Project("{8BC9CEB8-8B4A-11D0-8D11-00A0C91BC942}") = "opencv_calib3d", "opencv\modules\calib3d\opencv_calib3d.vcxproj", "{8E4C7C63-C510-44EF-88FA-1A07987B20E3}"
EndProject
Project("{8BC9CEB8-8B4A-11D0-8D11-00A0C91BC942}") = "opencv_ml", "opencv\modules\ml\opencv_ml.vcxproj", "{9E4A14A7-5178-42E0-B421-E6B07712F7EF}"
EndProject
Project("{8BC9CEB8-8B4A-11D0-8D11-00A0C91BC942}") = "opencv_objdetect", "opencv\modules\objdetect\opencv_objdetect.vcxproj", "{8F4A14A7-5178-42E0-B523-E6B07712F7EF}"
EndProject
Project("{8BC9CEB8-8B4A-11D0-8D11-00A0C91BC942}") = "opencv_contrib_aruco", "opencv\modules\aruco\opencv_contrib_aruco.vcxproj", "{9E4A14A7-5178-42E0-B421-E6B06612F8EF}"
EndProject
Project("{8BC9CEB8-8B4A-11D0-8D11-00A0C91BC942}") = "opencv_highgui", "opencv\modules\highgui\opencv_highgui.vcxproj", "{A33D4398-870B-5DD0-A653-5FD0011C04D9}"
EndProject
Project("{8BC9CEB8-8B4A-11D0-8D11-00A0C91BC942}") = "opencv_imgcodecs", "opencv\modules\imgcodecs\opencv_imgcodecs.vcxproj", "{A12D4389-870B-5DD0-A653-5FD0011C04D9}"
EndProject
Project("{8BC9CEB8-8B4A-11D0-8D11-00A0C91BC942}") = "opencv_videoio", "opencv\modules\videoio\opencv_videoio.vcxproj", "{A12D4389-870B-5DD0-A653-5FD9911C04D9}"
EndProject
Project("{2150E333-8FDC-42A3-9474-1A3956D46DE8}") = "opencv", "opencv", "{3DABFF5F-0F5A-4F20-BF97-1C0F1CBE2346}"
EndProject
Project("{8BC9CEB8-8B4A-11D0-8D11-00A0C91BC942}") = "opencv_contrib_ccalib", "opencv\modules\ccalib\opencv_contrib_ccalib.vcxproj", "{E9075A81-74D8-4EFC-B3C9-AD07EC8260A7}"
EndProject
Project("{2150E333-8FDC-42A3-9474-1A3956D46DE8}") = "opencv.contrib", "opencv.contrib", "{45AED665-17D1-4875-B962-6DE8FCBD6725}"
EndProject
Project("{2150E333-8FDC-42A3-9474-1A3956D46DE8}") = "3rdparty", "3rdparty", "{F4808CD7-B183-462A-BAD8-9BE1D445FBF0}"
EndProject
Project("{8BC9CEB8-8B4A-11D0-8D11-00A0C91BC942}") = "libjpeg", "opencv\3rdparty\libjpeg.vcxproj", "{7D8C63EB-9E18-55A7-913D-0DE1BDA729A2}"
EndProject
Project("{8BC9CEB8-8B4A-11D0-8D11-00A0C91BC942}") = "libpng", "opencv\3rdparty\libpng.vcxproj", "{7D8C63EB-AB18-55A7-913D-0DE1BDA729A9}"
EndProject
Project("{8BC9CEB8-8B4A-11D0-8D11-00A0C91BC942}") = "zlib", "opencv\3rdparty\zlib.vcxproj", "{4D8C63BE-9E18-55A7-913D-0DE1BDA729A2}"
EndProject
Global
	GlobalSection(SolutionConfigurationPlatforms) = preSolution
		Debug|x64 = Debug|x64
		Release|x64 = Release|x64
	EndGlobalSection
	GlobalSection(ProjectConfigurationPlatforms) = postSolution
		{E0CEB085-D734-4A12-961B-94F1D6DF7E5E}.Debug|x64.ActiveCfg = Debug|x64
		{E0CEB085-D734-4A12-961B-94F1D6DF7E5E}.Debug|x64.Build.0 = Debug|x64
		{E0CEB085-D734-4A12-961B-94F1D6DF7E5E}.Release|x64.ActiveCfg = Release|x64
		{E0CEB085-D734-4A12-961B-94F1D6DF7E5E}.Release|x64.Build.0 = Release|x64
		{C901DF17-E5C4-4BDE-8665-F1E7A08994BF}.Debug|x64.ActiveCfg = Debug|x64
		{C901DF17-E5C4-4BDE-8665-F1E7A08994BF}.Debug|x64.Build.0 = Debug|x64
		{C901DF17-E5C4-4BDE-8665-F1E7A08994BF}.Release|x64.ActiveCfg = Release|x64
		{C901DF17-E5C4-4BDE-8665-F1E7A08994BF}.Release|x64.Build.0 = Release|x64
		{A22D4398-870B-4D0D-A653-5FD0011C04D9}.Debug|x64.ActiveCfg = Debug|x64
		{A22D4398-870B-4D0D-A653-5FD0011C04D9}.Debug|x64.Build.0 = Debug|x64
		{A22D4398-870B-4D0D-A653-5FD0011C04D9}.Release|x64.ActiveCfg = Release|x64
		{A22D4398-870B-4D0D-A653-5FD0011C04D9}.Release|x64.Build.0 = Release|x64
		{7A5B38D8-9917-41BE-BA5C-85D3EF5334BA}.Debug|x64.ActiveCfg = Debug|x64
		{7A5B38D8-9917-41BE-BA5C-85D3EF5334BA}.Debug|x64.Build.0 = Debug|x64
		{7A5B38D8-9917-41BE-BA5C-85D3EF5334BA}.Release|x64.ActiveCfg = Release|x64
		{7A5B38D8-9917-41BE-BA5C-85D3EF5334BA}.Release|x64.Build.0 = Release|x64
		{8E4C7C63-C510-44EF-88FA-1A07987B20E3}.Debug|x64.ActiveCfg = Debug|x64
		{8E4C7C63-C510-44EF-88FA-1A07987B20E3}.Debug|x64.Build.0 = Debug|x64
		{8E4C7C63-C510-44EF-88FA-1A07987B20E3}.Release|x64.ActiveCfg = Release|x64
		{8E4C7C63-C510-44EF-88FA-1A07987B20E3}.Release|x64.Build.0 = Release|x64
		{9E4A14A7-5178-42E0-B421-E6B07712F7EF}.Debug|x64.ActiveCfg = Debug|x64
		{9E4A14A7-5178-42E0-B421-E6B07712F7EF}.Debug|x64.Build.0 = Debug|x64
		{9E4A14A7-5178-42E0-B421-E6B07712F7EF}.Release|x64.ActiveCfg = Release|x64
		{9E4A14A7-5178-42E0-B421-E6B07712F7EF}.Release|x64.Build.0 = Release|x64
		{8F4A14A7-5178-42E0-B523-E6B07712F7EF}.Debug|x64.ActiveCfg = Debug|x64
		{8F4A14A7-5178-42E0-B523-E6B07712F7EF}.Debug|x64.Build.0 = Debug|x64
		{8F4A14A7-5178-42E0-B523-E6B07712F7EF}.Release|x64.ActiveCfg = Release|x64
		{8F4A14A7-5178-42E0-B523-E6B07712F7EF}.Release|x64.Build.0 = Release|x64
		{9E4A14A7-5178-42E0-B421-E6B06612F8EF}.Debug|x64.ActiveCfg = Debug|x64
		{9E4A14A7-5178-42E0-B421-E6B06612F8EF}.Debug|x64.Build.0 = Debug|x64
		{9E4A14A7-5178-42E0-B421-E6B06612F8EF}.Release|x64.ActiveCfg = Release|x64
		{9E4A14A7-5178-42E0-B421-E6B06612F8EF}.Release|x64.Build.0 = Release|x64
		{A33D4398-870B-5DD0-A653-5FD0011C04D9}.Debug|x64.ActiveCfg = Debug|x64
		{A33D4398-870B-5DD0-A653-5FD0011C04D9}.Debug|x64.Build.0 = Debug|x64
		{A33D4398-870B-5DD0-A653-5FD0011C04D9}.Release|x64.ActiveCfg = Release|x64
		{A33D4398-870B-5DD0-A653-5FD0011C04D9}.Release|x64.Build.0 = Release|x64
		{A12D4389-870B-5DD0-A653-5FD0011C04D9}.Debug|x64.ActiveCfg = Debug|x64
		{A12D4389-870B-5DD0-A653-5FD0011C04D9}.Debug|x64.Build.0 = Debug|x64
		{A12D4389-870B-5DD0-A653-5FD0011C04D9}.Release|x64.ActiveCfg = Release|x64
		{A12D4389-870B-5DD0-A653-5FD0011C04D9}.Release|x64.Build.0 = Release|x64
		{A12D4389-870B-5DD0-A653-5FD9911C04D9}.Debug|x64.ActiveCfg = Debug|x64
		{A12D4389-870B-5DD0-A653-5FD9911C04D9}.Debug|x64.Build.0 = Debug|x64
		{A12D4389-870B-5DD0-A653-5FD9911C04D9}.Release|x64.ActiveCfg = Release|x64
		{A12D4389-870B-5DD0-A653-5FD9911C04D9}.Release|x64.Build.0 = Release|x64
		{E9075A81-74D8-4EFC-B3C9-AD07EC8260A7}.Debug|x64.ActiveCfg = Debug|x64
		{E9075A81-74D8-4EFC-B3C9-AD07EC8260A7}.Debug|x64.Build.0 = Debug|x64
		{E9075A81-74D8-4EFC-B3C9-AD07EC8260A7}.Release|x64.ActiveCfg = Release|x64
		{E9075A81-74D8-4EFC-B3C9-AD07EC8260A7}.Release|x64.Build.0 = Release|x64
		{7D8C63EB-9E18-55A7-913D-0DE1BDA729A2}.Debug|x64.ActiveCfg = Debug|x64
		{7D8C63EB-9E18-55A7-913D-0DE1BDA729A2}.Debug|x64.Build.0 = Debug|x64
		{7D8C63EB-9E18-55A7-913D-0DE1BDA729A2}.Release|x64.ActiveCfg = Release|x64
		{7D8C63EB-9E18-55A7-913D-0DE1BDA729A2}.Release|x64.Build.0 = Release|x64
		{7D8C63EB-AB18-55A7-913D-0DE1BDA729A9}.Debug|x64.ActiveCfg = Debug|x64
		{7D8C63EB-AB18-55A7-913D-0DE1BDA729A9}.Debug|x64.Build.0 = Debug|x64
		{7D8C63EB-AB18-55A7-913D-0DE1BDA729A9}.Release|x64.ActiveCfg = Release|x64
		{7D8C63EB-AB18-55A7-913D-0DE1BDA729A9}.Release|x64.Build.0 = Release|x64
		{4D8C63BE-9E18-55A7-913D-0DE1BDA729A2}.Debug|x64.ActiveCfg = Debug|x64
		{4D8C63BE-9E18-55A7-913D-0DE1BDA729A2}.Debug|x64.Build.0 = Debug|x64
		{4D8C63BE-9E18-55A7-913D-0DE1BDA729A2}.Release|x64.ActiveCfg = Release|x64
		{4D8C63BE-9E18-55A7-913D-0DE1BDA729A2}.Release|x64.Build.0 = Release|x64
	EndGlobalSection
	GlobalSection(SolutionProperties) = preSolution
		HideSolutionNode = FALSE
	EndGlobalSection
	GlobalSection(NestedProjects) = preSolution
		{E0CEB085-D734-4A12-961B-94F1D6DF7E5E} = {3DABFF5F-0F5A-4F20-BF97-1C0F1CBE2346}
		{C901DF17-E5C4-4BDE-8665-F1E7A08994BF} = {3DABFF5F-0F5A-4F20-BF97-1C0F1CBE2346}
		{A22D4398-870B-4D0D-A653-5FD0011C04D9} = {3DABFF5F-0F5A-4F20-BF97-1C0F1CBE2346}
		{7A5B38D8-9917-41BE-BA5C-85D3EF5334BA} = {3DABFF5F-0F5A-4F20-BF97-1C0F1CBE2346}
		{8E4C7C63-C510-44EF-88FA-1A07987B20E3} = {3DABFF5F-0F5A-4F20-BF97-1C0F1CBE2346}
		{9E4A14A7-5178-42E0-B421-E6B07712F7EF} = {3DABFF5F-0F5A-4F20-BF97-1C0F1CBE2346}
		{8F4A14A7-5178-42E0-B523-E6B07712F7EF} = {3DABFF5F-0F5A-4F20-BF97-1C0F1CBE2346}
		{9E4A14A7-5178-42E0-B421-E6B06612F8EF} = {45AED665-17D1-4875-B962-6DE8FCBD6725}
		{A33D4398-870B-5DD0-A653-5FD0011C04D9} = {3DABFF5F-0F5A-4F20-BF97-1C0F1CBE2346}
		{A12D4389-870B-5DD0-A653-5FD0011C04D9} = {3DABFF5F-0F5A-4F20-BF97-1C0F1CBE2346}
		{A12D4389-870B-5DD0-A653-5FD9911C04D9} = {3DABFF5F-0F5A-4F20-BF97-1C0F1CBE2346}
		{3DABFF5F-0F5A-4F20-BF97-1C0F1CBE2346} = {FC92F312-2B95-460F-B270-0B6E41DD56EF}
		{E9075A81-74D8-4EFC-B3C9-AD07EC8260A7} = {45AED665-17D1-4875-B962-6DE8FCBD6725}
		{45AED665-17D1-4875-B962-6DE8FCBD6725} = {FC92F312-2B95-460F-B270-0B6E41DD56EF}
		{F4808CD7-B183-462A-BAD8-9BE1D445FBF0} = {FC92F312-2B95-460F-B270-0B6E41DD56EF}
		{7D8C63EB-9E18-55A7-913D-0DE1BDA729A2} = {F4808CD7-B183-462A-BAD8-9BE1D445FBF0}
		{7D8C63EB-AB18-55A7-913D-0DE1BDA729A9} = {F4808CD7-B183-462A-BAD8-9BE1D445FBF0}
		{4D8C63BE-9E18-55A7-913D-0DE1BDA729A2} = {F4808CD7-B183-462A-BAD8-9BE1D445FBF0}
	EndGlobalSection
	GlobalSection(ExtensibilityGlobals) = postSolution
		SolutionGuid = {4903FF9C-ADBE-4753-BB20-C4EEE5D83493}
	EndGlobalSection
EndGlobal
