<?xml version="1.0" encoding="utf-8"?>
<Project ToolsVersion="15.0" xmlns="http://schemas.microsoft.com/developer/msbuild/2003">
  <ItemGroup>
    <Filter Include="include">
      <UniqueIdentifier>{129C6933-272F-3915-A006-88129EA2EDA5}</UniqueIdentifier>
    </Filter>
    <Filter Include="src">
      <UniqueIdentifier>{EAFB9E29-2A12-3733-9298-EFD4D8EF8394}</UniqueIdentifier>
    </Filter>
  </ItemGroup>
  <ItemGroup>
    <ClInclude Include="..\..\..\..\ext\opencv\modules\videoio\src\plugin_api.hpp">
      <Filter>src</Filter>
    </ClInclude>
    <ClInclude Include="..\..\..\..\ext\opencv\modules\videoio\src\plugin_capture_api.hpp">
      <Filter>src</Filter>
    </ClInclude>
    <ClInclude Include="..\..\..\..\ext\opencv\modules\videoio\src\plugin_writer_api.hpp">
      <Filter>src</Filter>
    </ClInclude>
    <ClInclude Include="..\..\..\..\ext\opencv\modules\videoio\src\precomp.hpp">
      <Filter>src</Filter>
    </ClInclude>
    <ClInclude Include="..\..\..\..\ext\opencv\modules\videoio\src\videoio_registry.hpp">
      <Filter>src</Filter>
    </ClInclude>
    <ClInclude Include="..\..\..\..\ext\opencv\modules\videoio\src\backend.hpp">
      <Filter>src</Filter>
    </ClInclude>
    <ClInclude Include="..\..\..\..\ext\opencv\modules\videoio\src\backend_plugin_legacy.impl.hpp">
      <Filter>src</Filter>
    </ClInclude>
    <ClInclude Include="..\..\..\..\ext\opencv\modules\videoio\src\cap_dshow.hpp">
      <Filter>src</Filter>
    </ClInclude>
    <ClInclude Include="..\..\..\..\ext\opencv\modules\videoio\src\cap_interface.hpp">
      <Filter>src</Filter>
    </ClInclude>
    <ClInclude Include="..\..\..\..\ext\opencv\modules\videoio\src\cap_msmf.hpp">
      <Filter>src</Filter>
    </ClInclude>
    <ClInclude Include="..\..\..\..\ext\opencv\modules\videoio\include\opencv2\videoio.hpp">
      <Filter>include</Filter>
    </ClInclude>
    <ClInclude Include="..\..\..\..\ext\opencv\modules\videoio\include\opencv2\videoio\videoio_c.h">
      <Filter>include</Filter>
    </ClInclude>
  </ItemGroup>
  <ItemGroup>
    <ClCompile Include="..\..\..\..\ext\opencv\modules\videoio\src\container_avi.cpp">
      <Filter>src</Filter>
    </ClCompile>
    <ClCompile Include="..\..\..\..\ext\opencv\modules\videoio\src\videoio_c.cpp">
      <Filter>src</Filter>
    </ClCompile>
    <ClCompile Include="..\..\..\..\ext\opencv\modules\videoio\src\videoio_registry.cpp">
      <Filter>src</Filter>
    </ClCompile>
    <ClCompile Include="..\..\..\..\ext\opencv\modules\videoio\src\backend_plugin.cpp">
      <Filter>src</Filter>
    </ClCompile>
    <ClCompile Include="..\..\..\..\ext\opencv\modules\videoio\src\backend_static.cpp">
      <Filter>src</Filter>
    </ClCompile>
    <ClCompile Include="..\..\..\..\ext\opencv\modules\videoio\src\cap.cpp">
      <Filter>src</Filter>
    </ClCompile>
    <ClCompile Include="..\..\..\..\ext\opencv\modules\videoio\src\cap_dshow.cpp">
      <Filter>src</Filter>
    </ClCompile>
    <ClCompile Include="..\..\..\..\ext\opencv\modules\videoio\src\cap_images.cpp">
      <Filter>src</Filter>
    </ClCompile>
    <ClCompile Include="..\..\..\..\ext\opencv\modules\videoio\src\cap_mjpeg_decoder.cpp">
      <Filter>src</Filter>
    </ClCompile>
    <ClCompile Include="..\..\..\..\ext\opencv\modules\videoio\src\cap_mjpeg_encoder.cpp">
      <Filter>src</Filter>
    </ClCompile>
    <ClCompile Include="..\..\..\..\ext\opencv\modules\videoio\src\cap_msmf.cpp">
      <Filter>src</Filter>
    </ClCompile>
  </ItemGroup>
</Project>