<?xml version="1.0" encoding="utf-8"?>
<Project ToolsVersion="14.0" xmlns="http://schemas.microsoft.com/developer/msbuild/2003">
  <ItemGroup>
    <Filter Include="include">
      <UniqueIdentifier>{7724712f-3232-4d0a-b1ac-2503b08fd5d3}</UniqueIdentifier>
    </Filter>
    <Filter Include="src">
      <UniqueIdentifier>{6ed50b97-a728-4209-94c6-7ef5b629aaf3}</UniqueIdentifier>
    </Filter>
  </ItemGroup>
  <ItemGroup>
    <ClInclude Include="..\..\..\..\ext\opencv.contrib\modules\ccalib\include\opencv2\ccalib.hpp">
      <Filter>include</Filter>
    </ClInclude>
    <ClInclude Include="..\..\..\..\ext\opencv.contrib\modules\ccalib\include\opencv2\ccalib\multicalib.hpp">
      <Filter>include</Filter>
    </ClInclude>
    <ClInclude Include="..\..\..\..\ext\opencv.contrib\modules\ccalib\include\opencv2\ccalib\omnidir.hpp">
      <Filter>include</Filter>
    </ClInclude>
    <ClInclude Include="..\..\..\..\ext\opencv.contrib\modules\ccalib\include\opencv2\ccalib\randpattern.hpp">
      <Filter>include</Filter>
    </ClInclude>
    <ClInclude Include="..\..\..\..\ext\opencv.contrib\modules\ccalib\src\precomp.hpp">
      <Filter>include</Filter>
    </ClInclude>
  </ItemGroup>
  <ItemGroup>
    <ClCompile Include="..\..\..\..\ext\opencv.contrib\modules\ccalib\src\ccalib.cpp">
      <Filter>src</Filter>
    </ClCompile>
    <ClCompile Include="..\..\..\..\ext\opencv.contrib\modules\ccalib\src\multicalib.cpp">
      <Filter>src</Filter>
    </ClCompile>
    <ClCompile Include="..\..\..\..\ext\opencv.contrib\modules\ccalib\src\omnidir.cpp">
      <Filter>src</Filter>
    </ClCompile>
    <ClCompile Include="..\..\..\..\ext\opencv.contrib\modules\ccalib\src\randpattern.cpp">
      <Filter>src</Filter>
    </ClCompile>
  </ItemGroup>
</Project>